<?xml version="1.0" encoding="utf-8"?>
<Project ToolsVersion="4.0" xmlns="http://schemas.microsoft.com/developer/msbuild/2003">
  <ItemGroup>
    <Filter Include="Source Files">
      <UniqueIdentifier>{4FC737F1-C7A5-4376-A066-2A32D752A2FF}</UniqueIdentifier>
      <Extensions>cpp;c;cc;cxx;def;odl;idl;hpj;bat;asm;asmx</Extensions>
    </Filter>
    <Filter Include="Header Files">
      <UniqueIdentifier>{93995380-89BD-4b04-88EB-625FBE52EBFB}</UniqueIdentifier>
      <Extensions>h;hpp;hxx;hm;inl;inc;xsd</Extensions>
    </Filter>
    <Filter Include="Resource Files">
      <UniqueIdentifier>{67DA6AB6-F800-4c08-8B7A-83BB121AAD01}</UniqueIdentifier>
      <Extensions>rc;ico;cur;bmp;dlg;rc2;rct;bin;rgs;gif;jpg;jpeg;jpe;resx;tiff;tif;png;wav;mfcribbon-ms</Extensions>
    </Filter>
    <Filter Include="Libraries">
      <UniqueIdentifier>{b13f25b3-bbf9-4610-bfe6-79273430c9c6}</UniqueIdentifier>
    </Filter>
  </ItemGroup>
  <ItemGroup>
    <None Include="picolesp.ino" />
  </ItemGroup>
  <ItemGroup>
    <ClInclude Include="__vm\.picolesp.vsarduino.h">
      <Filter>Header Files</Filter>
    </ClInclude>
    <ClInclude Include="source\picol.h">
      <Filter>Source Files</Filter>
    </ClInclude>
    <ClInclude Include="picol_glue.h">
      <Filter>Source Files</Filter>
    </ClInclude>
    <ClInclude Include="networking.h">
      <Filter>Source Files</Filter>
    </ClInclude>
    <ClInclude Include="ArduinoJson.h">
      <Filter>Header Files</Filter>
    </ClInclude>
    <ClInclude Include="debug2.h">
      <Filter>Header Files</Filter>
    </ClInclude>
    <ClInclude Include="PicolHandler.h">
      <Filter>Header Files</Filter>
    </ClInclude>
  </ItemGroup>
  <ItemGroup>
    <ClCompile Include="source\picol_glue.cpp">
      <Filter>Source Files</Filter>
    </ClCompile>
    <ClCompile Include="networking.cpp">
      <Filter>Source Files</Filter>
    </ClCompile>
    <ClCompile Include="debug2.cpp">
      <Filter>Source Files</Filter>
    </ClCompile>
    <ClCompile Include="PicolHandler.cpp">
      <Filter>Source Files</Filter>
    </ClCompile>
  </ItemGroup>
</Project>